// !$*UTF8*$!
{
	archiveVersion = 1;
	classes = {
	};
	objectVersion = 56;
	objects = {

/* Begin PBXBuildFile section */
		3C0BD30E2BC9E16F0019F76C /* CityDetailsViewController.swift in Sources */ = {isa = PBXBuildFile; fileRef = 3C0BD30D2BC9E16F0019F76C /* CityDetailsViewController.swift */; };
		3CD49EE32BC492F80038C823 /* AppDelegate.swift in Sources */ = {isa = PBXBuildFile; fileRef = 3CD49EE22BC492F80038C823 /* AppDelegate.swift */; };
		3CD49EE52BC492F80038C823 /* SceneDelegate.swift in Sources */ = {isa = PBXBuildFile; fileRef = 3CD49EE42BC492F80038C823 /* SceneDelegate.swift */; };
		3CD49EE72BC492F80038C823 /* ViewController.swift in Sources */ = {isa = PBXBuildFile; fileRef = 3CD49EE62BC492F80038C823 /* ViewController.swift */; };
		3CD49EEA2BC492F80038C823 /* Base in Resources */ = {isa = PBXBuildFile; fileRef = 3CD49EE92BC492F80038C823 /* Base */; };
		3CD49EEC2BC492FA0038C823 /* Assets.xcassets in Resources */ = {isa = PBXBuildFile; fileRef = 3CD49EEB2BC492FA0038C823 /* Assets.xcassets */; };
		3CD49EEF2BC492FA0038C823 /* Base in Resources */ = {isa = PBXBuildFile; fileRef = 3CD49EEE2BC492FA0038C823 /* Base */; };
		3CD49EFA2BC492FA0038C823 /* TripPlannerTests.swift in Sources */ = {isa = PBXBuildFile; fileRef = 3CD49EF92BC492FA0038C823 /* TripPlannerTests.swift */; };
		3CD49F042BC492FA0038C823 /* TripPlannerUITests.swift in Sources */ = {isa = PBXBuildFile; fileRef = 3CD49F032BC492FA0038C823 /* TripPlannerUITests.swift */; };
		3CD49F062BC492FA0038C823 /* TripPlannerUITestsLaunchTests.swift in Sources */ = {isa = PBXBuildFile; fileRef = 3CD49F052BC492FA0038C823 /* TripPlannerUITestsLaunchTests.swift */; };
		3CD49F132BC4AB840038C823 /* Service.swift in Sources */ = {isa = PBXBuildFile; fileRef = 3CD49F122BC4AB840038C823 /* Service.swift */; };
		3CD49F152BC4AC340038C823 /* CitySearchTableViewController.swift in Sources */ = {isa = PBXBuildFile; fileRef = 3CD49F142BC4AC340038C823 /* CitySearchTableViewController.swift */; };
/* End PBXBuildFile section */

/* Begin PBXContainerItemProxy section */
		3CD49EF62BC492FA0038C823 /* PBXContainerItemProxy */ = {
			isa = PBXContainerItemProxy;
			containerPortal = 3CD49ED72BC492F80038C823 /* Project object */;
			proxyType = 1;
			remoteGlobalIDString = 3CD49EDE2BC492F80038C823;
			remoteInfo = TripPlanner;
		};
		3CD49F002BC492FA0038C823 /* PBXContainerItemProxy */ = {
			isa = PBXContainerItemProxy;
			containerPortal = 3CD49ED72BC492F80038C823 /* Project object */;
			proxyType = 1;
			remoteGlobalIDString = 3CD49EDE2BC492F80038C823;
			remoteInfo = TripPlanner;
		};
/* End PBXContainerItemProxy section */

/* Begin PBXFileReference section */
		3C0BD30D2BC9E16F0019F76C /* CityDetailsViewController.swift */ = {isa = PBXFileReference; lastKnownFileType = sourcecode.swift; path = CityDetailsViewController.swift; sourceTree = "<group>"; };
		3CD49EDF2BC492F80038C823 /* TripPlanner.app */ = {isa = PBXFileReference; explicitFileType = wrapper.application; includeInIndex = 0; path = TripPlanner.app; sourceTree = BUILT_PRODUCTS_DIR; };
		3CD49EE22BC492F80038C823 /* AppDelegate.swift */ = {isa = PBXFileReference; lastKnownFileType = sourcecode.swift; path = AppDelegate.swift; sourceTree = "<group>"; };
		3CD49EE42BC492F80038C823 /* SceneDelegate.swift */ = {isa = PBXFileReference; lastKnownFileType = sourcecode.swift; path = SceneDelegate.swift; sourceTree = "<group>"; };
		3CD49EE62BC492F80038C823 /* ViewController.swift */ = {isa = PBXFileReference; lastKnownFileType = sourcecode.swift; path = ViewController.swift; sourceTree = "<group>"; };
		3CD49EE92BC492F80038C823 /* Base */ = {isa = PBXFileReference; lastKnownFileType = file.storyboard; name = Base; path = Base.lproj/Main.storyboard; sourceTree = "<group>"; };
		3CD49EEB2BC492FA0038C823 /* Assets.xcassets */ = {isa = PBXFileReference; lastKnownFileType = folder.assetcatalog; path = Assets.xcassets; sourceTree = "<group>"; };
		3CD49EEE2BC492FA0038C823 /* Base */ = {isa = PBXFileReference; lastKnownFileType = file.storyboard; name = Base; path = Base.lproj/LaunchScreen.storyboard; sourceTree = "<group>"; };
		3CD49EF02BC492FA0038C823 /* Info.plist */ = {isa = PBXFileReference; lastKnownFileType = text.plist.xml; path = Info.plist; sourceTree = "<group>"; };
		3CD49EF52BC492FA0038C823 /* TripPlannerTests.xctest */ = {isa = PBXFileReference; explicitFileType = wrapper.cfbundle; includeInIndex = 0; path = TripPlannerTests.xctest; sourceTree = BUILT_PRODUCTS_DIR; };
		3CD49EF92BC492FA0038C823 /* TripPlannerTests.swift */ = {isa = PBXFileReference; lastKnownFileType = sourcecode.swift; path = TripPlannerTests.swift; sourceTree = "<group>"; };
		3CD49EFF2BC492FA0038C823 /* TripPlannerUITests.xctest */ = {isa = PBXFileReference; explicitFileType = wrapper.cfbundle; includeInIndex = 0; path = TripPlannerUITests.xctest; sourceTree = BUILT_PRODUCTS_DIR; };
		3CD49F032BC492FA0038C823 /* TripPlannerUITests.swift */ = {isa = PBXFileReference; lastKnownFileType = sourcecode.swift; path = TripPlannerUITests.swift; sourceTree = "<group>"; };
		3CD49F052BC492FA0038C823 /* TripPlannerUITestsLaunchTests.swift */ = {isa = PBXFileReference; lastKnownFileType = sourcecode.swift; path = TripPlannerUITestsLaunchTests.swift; sourceTree = "<group>"; };
		3CD49F122BC4AB840038C823 /* Service.swift */ = {isa = PBXFileReference; lastKnownFileType = sourcecode.swift; path = Service.swift; sourceTree = "<group>"; };
		3CD49F142BC4AC340038C823 /* CitySearchTableViewController.swift */ = {isa = PBXFileReference; lastKnownFileType = sourcecode.swift; path = CitySearchTableViewController.swift; sourceTree = "<group>"; };
/* End PBXFileReference section */

/* Begin PBXFrameworksBuildPhase section */
		3CD49EDC2BC492F80038C823 /* Frameworks */ = {
			isa = PBXFrameworksBuildPhase;
			buildActionMask = 2147483647;
			files = (
			);
			runOnlyForDeploymentPostprocessing = 0;
		};
		3CD49EF22BC492FA0038C823 /* Frameworks */ = {
			isa = PBXFrameworksBuildPhase;
			buildActionMask = 2147483647;
			files = (
			);
			runOnlyForDeploymentPostprocessing = 0;
		};
		3CD49EFC2BC492FA0038C823 /* Frameworks */ = {
			isa = PBXFrameworksBuildPhase;
			buildActionMask = 2147483647;
			files = (
			);
			runOnlyForDeploymentPostprocessing = 0;
		};
/* End PBXFrameworksBuildPhase section */

/* Begin PBXGroup section */
		3CD49ED62BC492F80038C823 = {
			isa = PBXGroup;
			children = (
				3CD49EE12BC492F80038C823 /* TripPlanner */,
				3CD49EF82BC492FA0038C823 /* TripPlannerTests */,
				3CD49F022BC492FA0038C823 /* TripPlannerUITests */,
				3CD49EE02BC492F80038C823 /* Products */,
			);
			sourceTree = "<group>";
		};
		3CD49EE02BC492F80038C823 /* Products */ = {
			isa = PBXGroup;
			children = (
				3CD49EDF2BC492F80038C823 /* TripPlanner.app */,
				3CD49EF52BC492FA0038C823 /* TripPlannerTests.xctest */,
				3CD49EFF2BC492FA0038C823 /* TripPlannerUITests.xctest */,
			);
			name = Products;
			sourceTree = "<group>";
		};
		3CD49EE12BC492F80038C823 /* TripPlanner */ = {
			isa = PBXGroup;
			children = (
				3CD49EE22BC492F80038C823 /* AppDelegate.swift */,
				3CD49EE42BC492F80038C823 /* SceneDelegate.swift */,
				3CD49EE62BC492F80038C823 /* ViewController.swift */,
				3CD49EE82BC492F80038C823 /* Main.storyboard */,
				3CD49EEB2BC492FA0038C823 /* Assets.xcassets */,
				3CD49EED2BC492FA0038C823 /* LaunchScreen.storyboard */,
				3CD49EF02BC492FA0038C823 /* Info.plist */,
				3CD49F122BC4AB840038C823 /* Service.swift */,
				3CD49F142BC4AC340038C823 /* CitySearchTableViewController.swift */,
				3C0BD30D2BC9E16F0019F76C /* CityDetailsViewController.swift */,
			);
			path = TripPlanner;
			sourceTree = "<group>";
		};
		3CD49EF82BC492FA0038C823 /* TripPlannerTests */ = {
			isa = PBXGroup;
			children = (
				3CD49EF92BC492FA0038C823 /* TripPlannerTests.swift */,
			);
			path = TripPlannerTests;
			sourceTree = "<group>";
		};
		3CD49F022BC492FA0038C823 /* TripPlannerUITests */ = {
			isa = PBXGroup;
			children = (
				3CD49F032BC492FA0038C823 /* TripPlannerUITests.swift */,
				3CD49F052BC492FA0038C823 /* TripPlannerUITestsLaunchTests.swift */,
			);
			path = TripPlannerUITests;
			sourceTree = "<group>";
		};
/* End PBXGroup section */

/* Begin PBXNativeTarget section */
		3CD49EDE2BC492F80038C823 /* TripPlanner */ = {
			isa = PBXNativeTarget;
			buildConfigurationList = 3CD49F092BC492FA0038C823 /* Build configuration list for PBXNativeTarget "TripPlanner" */;
			buildPhases = (
				3CD49EDB2BC492F80038C823 /* Sources */,
				3CD49EDC2BC492F80038C823 /* Frameworks */,
				3CD49EDD2BC492F80038C823 /* Resources */,
			);
			buildRules = (
			);
			dependencies = (
			);
			name = TripPlanner;
			productName = TripPlanner;
			productReference = 3CD49EDF2BC492F80038C823 /* TripPlanner.app */;
			productType = "com.apple.product-type.application";
		};
		3CD49EF42BC492FA0038C823 /* TripPlannerTests */ = {
			isa = PBXNativeTarget;
			buildConfigurationList = 3CD49F0C2BC492FA0038C823 /* Build configuration list for PBXNativeTarget "TripPlannerTests" */;
			buildPhases = (
				3CD49EF12BC492FA0038C823 /* Sources */,
				3CD49EF22BC492FA0038C823 /* Frameworks */,
				3CD49EF32BC492FA0038C823 /* Resources */,
			);
			buildRules = (
			);
			dependencies = (
				3CD49EF72BC492FA0038C823 /* PBXTargetDependency */,
			);
			name = TripPlannerTests;
			productName = TripPlannerTests;
			productReference = 3CD49EF52BC492FA0038C823 /* TripPlannerTests.xctest */;
			productType = "com.apple.product-type.bundle.unit-test";
		};
		3CD49EFE2BC492FA0038C823 /* TripPlannerUITests */ = {
			isa = PBXNativeTarget;
			buildConfigurationList = 3CD49F0F2BC492FA0038C823 /* Build configuration list for PBXNativeTarget "TripPlannerUITests" */;
			buildPhases = (
				3CD49EFB2BC492FA0038C823 /* Sources */,
				3CD49EFC2BC492FA0038C823 /* Frameworks */,
				3CD49EFD2BC492FA0038C823 /* Resources */,
			);
			buildRules = (
			);
			dependencies = (
				3CD49F012BC492FA0038C823 /* PBXTargetDependency */,
			);
			name = TripPlannerUITests;
			productName = TripPlannerUITests;
			productReference = 3CD49EFF2BC492FA0038C823 /* TripPlannerUITests.xctest */;
			productType = "com.apple.product-type.bundle.ui-testing";
		};
/* End PBXNativeTarget section */

/* Begin PBXProject section */
		3CD49ED72BC492F80038C823 /* Project object */ = {
			isa = PBXProject;
			attributes = {
				BuildIndependentTargetsInParallel = 1;
				LastSwiftUpdateCheck = 1530;
				LastUpgradeCheck = 1530;
				TargetAttributes = {
					3CD49EDE2BC492F80038C823 = {
						CreatedOnToolsVersion = 15.3;
					};
					3CD49EF42BC492FA0038C823 = {
						CreatedOnToolsVersion = 15.3;
						TestTargetID = 3CD49EDE2BC492F80038C823;
					};
					3CD49EFE2BC492FA0038C823 = {
						CreatedOnToolsVersion = 15.3;
						TestTargetID = 3CD49EDE2BC492F80038C823;
					};
				};
			};
			buildConfigurationList = 3CD49EDA2BC492F80038C823 /* Build configuration list for PBXProject "TripPlanner" */;
			compatibilityVersion = "Xcode 14.0";
			developmentRegion = en;
			hasScannedForEncodings = 0;
			knownRegions = (
				en,
				Base,
			);
			mainGroup = 3CD49ED62BC492F80038C823;
			productRefGroup = 3CD49EE02BC492F80038C823 /* Products */;
			projectDirPath = "";
			projectRoot = "";
			targets = (
				3CD49EDE2BC492F80038C823 /* TripPlanner */,
				3CD49EF42BC492FA0038C823 /* TripPlannerTests */,
				3CD49EFE2BC492FA0038C823 /* TripPlannerUITests */,
			);
		};
/* End PBXProject section */

/* Begin PBXResourcesBuildPhase section */
		3CD49EDD2BC492F80038C823 /* Resources */ = {
			isa = PBXResourcesBuildPhase;
			buildActionMask = 2147483647;
			files = (
				3CD49EEC2BC492FA0038C823 /* Assets.xcassets in Resources */,
				3CD49EEF2BC492FA0038C823 /* Base in Resources */,
				3CD49EEA2BC492F80038C823 /* Base in Resources */,
			);
			runOnlyForDeploymentPostprocessing = 0;
		};
		3CD49EF32BC492FA0038C823 /* Resources */ = {
			isa = PBXResourcesBuildPhase;
			buildActionMask = 2147483647;
			files = (
			);
			runOnlyForDeploymentPostprocessing = 0;
		};
		3CD49EFD2BC492FA0038C823 /* Resources */ = {
			isa = PBXResourcesBuildPhase;
			buildActionMask = 2147483647;
			files = (
			);
			runOnlyForDeploymentPostprocessing = 0;
		};
/* End PBXResourcesBuildPhase section */

/* Begin PBXSourcesBuildPhase section */
		3CD49EDB2BC492F80038C823 /* Sources */ = {
			isa = PBXSourcesBuildPhase;
			buildActionMask = 2147483647;
			files = (
				3C0BD30E2BC9E16F0019F76C /* CityDetailsViewController.swift in Sources */,
				3CD49EE72BC492F80038C823 /* ViewController.swift in Sources */,
				3CD49F132BC4AB840038C823 /* Service.swift in Sources */,
				3CD49F152BC4AC340038C823 /* CitySearchTableViewController.swift in Sources */,
				3CD49EE32BC492F80038C823 /* AppDelegate.swift in Sources */,
				3CD49EE52BC492F80038C823 /* SceneDelegate.swift in Sources */,
			);
			runOnlyForDeploymentPostprocessing = 0;
		};
		3CD49EF12BC492FA0038C823 /* Sources */ = {
			isa = PBXSourcesBuildPhase;
			buildActionMask = 2147483647;
			files = (
				3CD49EFA2BC492FA0038C823 /* TripPlannerTests.swift in Sources */,
			);
			runOnlyForDeploymentPostprocessing = 0;
		};
		3CD49EFB2BC492FA0038C823 /* Sources */ = {
			isa = PBXSourcesBuildPhase;
			buildActionMask = 2147483647;
			files = (
				3CD49F062BC492FA0038C823 /* TripPlannerUITestsLaunchTests.swift in Sources */,
				3CD49F042BC492FA0038C823 /* TripPlannerUITests.swift in Sources */,
			);
			runOnlyForDeploymentPostprocessing = 0;
		};
/* End PBXSourcesBuildPhase section */

/* Begin PBXTargetDependency section */
		3CD49EF72BC492FA0038C823 /* PBXTargetDependency */ = {
			isa = PBXTargetDependency;
			target = 3CD49EDE2BC492F80038C823 /* TripPlanner */;
			targetProxy = 3CD49EF62BC492FA0038C823 /* PBXContainerItemProxy */;
		};
		3CD49F012BC492FA0038C823 /* PBXTargetDependency */ = {
			isa = PBXTargetDependency;
			target = 3CD49EDE2BC492F80038C823 /* TripPlanner */;
			targetProxy = 3CD49F002BC492FA0038C823 /* PBXContainerItemProxy */;
		};
/* End PBXTargetDependency section */

/* Begin PBXVariantGroup section */
		3CD49EE82BC492F80038C823 /* Main.storyboard */ = {
			isa = PBXVariantGroup;
			children = (
				3CD49EE92BC492F80038C823 /* Base */,
			);
			name = Main.storyboard;
			sourceTree = "<group>";
		};
		3CD49EED2BC492FA0038C823 /* LaunchScreen.storyboard */ = {
			isa = PBXVariantGroup;
			children = (
				3CD49EEE2BC492FA0038C823 /* Base */,
			);
			name = LaunchScreen.storyboard;
			sourceTree = "<group>";
		};
/* End PBXVariantGroup section */

/* Begin XCBuildConfiguration section */
		3CD49F072BC492FA0038C823 /* Debug */ = {
			isa = XCBuildConfiguration;
			buildSettings = {
				ALWAYS_SEARCH_USER_PATHS = NO;
				ASSETCATALOG_COMPILER_GENERATE_SWIFT_ASSET_SYMBOL_EXTENSIONS = YES;
				CLANG_ANALYZER_NONNULL = YES;
				CLANG_ANALYZER_NUMBER_OBJECT_CONVERSION = YES_AGGRESSIVE;
				CLANG_CXX_LANGUAGE_STANDARD = "gnu++20";
				CLANG_ENABLE_MODULES = YES;
				CLANG_ENABLE_OBJC_ARC = YES;
				CLANG_ENABLE_OBJC_WEAK = YES;
				CLANG_WARN_BLOCK_CAPTURE_AUTORELEASING = YES;
				CLANG_WARN_BOOL_CONVERSION = YES;
				CLANG_WARN_COMMA = YES;
				CLANG_WARN_CONSTANT_CONVERSION = YES;
				CLANG_WARN_DEPRECATED_OBJC_IMPLEMENTATIONS = YES;
				CLANG_WARN_DIRECT_OBJC_ISA_USAGE = YES_ERROR;
				CLANG_WARN_DOCUMENTATION_COMMENTS = YES;
				CLANG_WARN_EMPTY_BODY = YES;
				CLANG_WARN_ENUM_CONVERSION = YES;
				CLANG_WARN_INFINITE_RECURSION = YES;
				CLANG_WARN_INT_CONVERSION = YES;
				CLANG_WARN_NON_LITERAL_NULL_CONVERSION = YES;
				CLANG_WARN_OBJC_IMPLICIT_RETAIN_SELF = YES;
				CLANG_WARN_OBJC_LITERAL_CONVERSION = YES;
				CLANG_WARN_OBJC_ROOT_CLASS = YES_ERROR;
				CLANG_WARN_QUOTED_INCLUDE_IN_FRAMEWORK_HEADER = YES;
				CLANG_WARN_RANGE_LOOP_ANALYSIS = YES;
				CLANG_WARN_STRICT_PROTOTYPES = YES;
				CLANG_WARN_SUSPICIOUS_MOVE = YES;
				CLANG_WARN_UNGUARDED_AVAILABILITY = YES_AGGRESSIVE;
				CLANG_WARN_UNREACHABLE_CODE = YES;
				CLANG_WARN__DUPLICATE_METHOD_MATCH = YES;
				COPY_PHASE_STRIP = NO;
				DEBUG_INFORMATION_FORMAT = dwarf;
				ENABLE_STRICT_OBJC_MSGSEND = YES;
				ENABLE_TESTABILITY = YES;
				ENABLE_USER_SCRIPT_SANDBOXING = YES;
				GCC_C_LANGUAGE_STANDARD = gnu17;
				GCC_DYNAMIC_NO_PIC = NO;
				GCC_NO_COMMON_BLOCKS = YES;
				GCC_OPTIMIZATION_LEVEL = 0;
				GCC_PREPROCESSOR_DEFINITIONS = (
					"DEBUG=1",
					"$(inherited)",
				);
				GCC_WARN_64_TO_32_BIT_CONVERSION = YES;
				GCC_WARN_ABOUT_RETURN_TYPE = YES_ERROR;
				GCC_WARN_UNDECLARED_SELECTOR = YES;
				GCC_WARN_UNINITIALIZED_AUTOS = YES_AGGRESSIVE;
				GCC_WARN_UNUSED_FUNCTION = YES;
				GCC_WARN_UNUSED_VARIABLE = YES;
				IPHONEOS_DEPLOYMENT_TARGET = 17.4;
				LOCALIZATION_PREFERS_STRING_CATALOGS = YES;
				MTL_ENABLE_DEBUG_INFO = INCLUDE_SOURCE;
				MTL_FAST_MATH = YES;
				ONLY_ACTIVE_ARCH = YES;
				SDKROOT = iphoneos;
				SWIFT_ACTIVE_COMPILATION_CONDITIONS = "DEBUG $(inherited)";
				SWIFT_OPTIMIZATION_LEVEL = "-Onone";
			};
			name = Debug;
		};
		3CD49F082BC492FA0038C823 /* Release */ = {
			isa = XCBuildConfiguration;
			buildSettings = {
				ALWAYS_SEARCH_USER_PATHS = NO;
				ASSETCATALOG_COMPILER_GENERATE_SWIFT_ASSET_SYMBOL_EXTENSIONS = YES;
				CLANG_ANALYZER_NONNULL = YES;
				CLANG_ANALYZER_NUMBER_OBJECT_CONVERSION = YES_AGGRESSIVE;
				CLANG_CXX_LANGUAGE_STANDARD = "gnu++20";
				CLANG_ENABLE_MODULES = YES;
				CLANG_ENABLE_OBJC_ARC = YES;
				CLANG_ENABLE_OBJC_WEAK = YES;
				CLANG_WARN_BLOCK_CAPTURE_AUTORELEASING = YES;
				CLANG_WARN_BOOL_CONVERSION = YES;
				CLANG_WARN_COMMA = YES;
				CLANG_WARN_CONSTANT_CONVERSION = YES;
				CLANG_WARN_DEPRECATED_OBJC_IMPLEMENTATIONS = YES;
				CLANG_WARN_DIRECT_OBJC_ISA_USAGE = YES_ERROR;
				CLANG_WARN_DOCUMENTATION_COMMENTS = YES;
				CLANG_WARN_EMPTY_BODY = YES;
				CLANG_WARN_ENUM_CONVERSION = YES;
				CLANG_WARN_INFINITE_RECURSION = YES;
				CLANG_WARN_INT_CONVERSION = YES;
				CLANG_WARN_NON_LITERAL_NULL_CONVERSION = YES;
				CLANG_WARN_OBJC_IMPLICIT_RETAIN_SELF = YES;
				CLANG_WARN_OBJC_LITERAL_CONVERSION = YES;
				CLANG_WARN_OBJC_ROOT_CLASS = YES_ERROR;
				CLANG_WARN_QUOTED_INCLUDE_IN_FRAMEWORK_HEADER = YES;
				CLANG_WARN_RANGE_LOOP_ANALYSIS = YES;
				CLANG_WARN_STRICT_PROTOTYPES = YES;
				CLANG_WARN_SUSPICIOUS_MOVE = YES;
				CLANG_WARN_UNGUARDED_AVAILABILITY = YES_AGGRESSIVE;
				CLANG_WARN_UNREACHABLE_CODE = YES;
				CLANG_WARN__DUPLICATE_METHOD_MATCH = YES;
				COPY_PHASE_STRIP = NO;
				DEBUG_INFORMATION_FORMAT = "dwarf-with-dsym";
				ENABLE_NS_ASSERTIONS = NO;
				ENABLE_STRICT_OBJC_MSGSEND = YES;
				ENABLE_USER_SCRIPT_SANDBOXING = YES;
				GCC_C_LANGUAGE_STANDARD = gnu17;
				GCC_NO_COMMON_BLOCKS = YES;
				GCC_WARN_64_TO_32_BIT_CONVERSION = YES;
				GCC_WARN_ABOUT_RETURN_TYPE = YES_ERROR;
				GCC_WARN_UNDECLARED_SELECTOR = YES;
				GCC_WARN_UNINITIALIZED_AUTOS = YES_AGGRESSIVE;
				GCC_WARN_UNUSED_FUNCTION = YES;
				GCC_WARN_UNUSED_VARIABLE = YES;
				IPHONEOS_DEPLOYMENT_TARGET = 17.4;
				LOCALIZATION_PREFERS_STRING_CATALOGS = YES;
				MTL_ENABLE_DEBUG_INFO = NO;
				MTL_FAST_MATH = YES;
				SDKROOT = iphoneos;
				SWIFT_COMPILATION_MODE = wholemodule;
				VALIDATE_PRODUCT = YES;
			};
			name = Release;
		};
		3CD49F0A2BC492FA0038C823 /* Debug */ = {
			isa = XCBuildConfiguration;
			buildSettings = {
				ASSETCATALOG_COMPILER_APPICON_NAME = AppIcon;
				ASSETCATALOG_COMPILER_GLOBAL_ACCENT_COLOR_NAME = AccentColor;
				CODE_SIGN_STYLE = Automatic;
				CURRENT_PROJECT_VERSION = 1;
				DEVELOPMENT_TEAM = H6K2WB7K5F;
				GENERATE_INFOPLIST_FILE = YES;
				INFOPLIST_FILE = TripPlanner/Info.plist;
				INFOPLIST_KEY_UIApplicationSupportsIndirectInputEvents = YES;
				INFOPLIST_KEY_UILaunchStoryboardName = LaunchScreen;
				INFOPLIST_KEY_UIMainStoryboardFile = Main;
				INFOPLIST_KEY_UISupportedInterfaceOrientations_iPad = "UIInterfaceOrientationPortrait UIInterfaceOrientationPortraitUpsideDown UIInterfaceOrientationLandscapeLeft UIInterfaceOrientationLandscapeRight";
				INFOPLIST_KEY_UISupportedInterfaceOrientations_iPhone = "UIInterfaceOrientationPortrait UIInterfaceOrientationLandscapeLeft UIInterfaceOrientationLandscapeRight";
				LD_RUNPATH_SEARCH_PATHS = (
					"$(inherited)",
					"@executable_path/Frameworks",
				);
				MARKETING_VERSION = 1.0;
				PRODUCT_BUNDLE_IDENTIFIER = Rachit.TripPlanner;
				PRODUCT_NAME = "$(TARGET_NAME)";
				SWIFT_EMIT_LOC_STRINGS = YES;
				SWIFT_VERSION = 5.0;
				TARGETED_DEVICE_FAMILY = "1,2";
			};
			name = Debug;
		};
		3CD49F0B2BC492FA0038C823 /* Release */ = {
			isa = XCBuildConfiguration;
			buildSettings = {
				ASSETCATALOG_COMPILER_APPICON_NAME = AppIcon;
				ASSETCATALOG_COMPILER_GLOBAL_ACCENT_COLOR_NAME = AccentColor;
				CODE_SIGN_STYLE = Automatic;
				CURRENT_PROJECT_VERSION = 1;
				DEVELOPMENT_TEAM = H6K2WB7K5F;
				GENERATE_INFOPLIST_FILE = YES;
				INFOPLIST_FILE = TripPlanner/Info.plist;
				INFOPLIST_KEY_UIApplicationSupportsIndirectInputEvents = YES;
				INFOPLIST_KEY_UILaunchStoryboardName = LaunchScreen;
				INFOPLIST_KEY_UIMainStoryboardFile = Main;
				INFOPLIST_KEY_UISupportedInterfaceOrientations_iPad = "UIInterfaceOrientationPortrait UIInterfaceOrientationPortraitUpsideDown UIInterfaceOrientationLandscapeLeft UIInterfaceOrientationLandscapeRight";
				INFOPLIST_KEY_UISupportedInterfaceOrientations_iPhone = "UIInterfaceOrientationPortrait UIInterfaceOrientationLandscapeLeft UIInterfaceOrientationLandscapeRight";
				LD_RUNPATH_SEARCH_PATHS = (
					"$(inherited)",
					"@executable_path/Frameworks",
				);
				MARKETING_VERSION = 1.0;
				PRODUCT_BUNDLE_IDENTIFIER = Rachit.TripPlanner;
				PRODUCT_NAME = "$(TARGET_NAME)";
				SWIFT_EMIT_LOC_STRINGS = YES;
				SWIFT_VERSION = 5.0;
				TARGETED_DEVICE_FAMILY = "1,2";
			};
			name = Release;
		};
		3CD49F0D2BC492FA0038C823 /* Debug */ = {
			isa = XCBuildConfiguration;
			buildSettings = {
				ALWAYS_EMBED_SWIFT_STANDARD_LIBRARIES = YES;
				BUNDLE_LOADER = "$(TEST_HOST)";
				CODE_SIGN_STYLE = Automatic;
				CURRENT_PROJECT_VERSION = 1;
				DEVELOPMENT_TEAM = H6K2WB7K5F;
				GENERATE_INFOPLIST_FILE = YES;
				IPHONEOS_DEPLOYMENT_TARGET = 17.4;
				MARKETING_VERSION = 1.0;
				PRODUCT_BUNDLE_IDENTIFIER = Rachit.TripPlannerTests;
				PRODUCT_NAME = "$(TARGET_NAME)";
				SWIFT_EMIT_LOC_STRINGS = NO;
				SWIFT_VERSION = 5.0;
				TARGETED_DEVICE_FAMILY = "1,2";
				TEST_HOST = "$(BUILT_PRODUCTS_DIR)/TripPlanner.app/$(BUNDLE_EXECUTABLE_FOLDER_PATH)/TripPlanner";
			};
			name = Debug;
		};
		3CD49F0E2BC492FA0038C823 /* Release */ = {
			isa = XCBuildConfiguration;
			buildSettings = {
				ALWAYS_EMBED_SWIFT_STANDARD_LIBRARIES = YES;
				BUNDLE_LOADER = "$(TEST_HOST)";
				CODE_SIGN_STYLE = Automatic;
				CURRENT_PROJECT_VERSION = 1;
				DEVELOPMENT_TEAM = H6K2WB7K5F;
				GENERATE_INFOPLIST_FILE = YES;
				IPHONEOS_DEPLOYMENT_TARGET = 17.4;
				MARKETING_VERSION = 1.0;
				PRODUCT_BUNDLE_IDENTIFIER = Rachit.TripPlannerTests;
				PRODUCT_NAME = "$(TARGET_NAME)";
				SWIFT_EMIT_LOC_STRINGS = NO;
				SWIFT_VERSION = 5.0;
				TARGETED_DEVICE_FAMILY = "1,2";
				TEST_HOST = "$(BUILT_PRODUCTS_DIR)/TripPlanner.app/$(BUNDLE_EXECUTABLE_FOLDER_PATH)/TripPlanner";
			};
			name = Release;
		};
		3CD49F102BC492FA0038C823 /* Debug */ = {
			isa = XCBuildConfiguration;
			buildSettings = {
				ALWAYS_EMBED_SWIFT_STANDARD_LIBRARIES = YES;
				CODE_SIGN_STYLE = Automatic;
				CURRENT_PROJECT_VERSION = 1;
				DEVELOPMENT_TEAM = H6K2WB7K5F;
				GENERATE_INFOPLIST_FILE = YES;
				MARKETING_VERSION = 1.0;
				PRODUCT_BUNDLE_IDENTIFIER = Rachit.TripPlannerUITests;
				PRODUCT_NAME = "$(TARGET_NAME)";
				SWIFT_EMIT_LOC_STRINGS = NO;
				SWIFT_VERSION = 5.0;
				TARGETED_DEVICE_FAMILY = "1,2";
				TEST_TARGET_NAME = TripPlanner;
			};
			name = Debug;
		};
		3CD49F112BC492FA0038C823 /* Release */ = {
			isa = XCBuildConfiguration;
			buildSettings = {
				ALWAYS_EMBED_SWIFT_STANDARD_LIBRARIES = YES;
				CODE_SIGN_STYLE = Automatic;
				CURRENT_PROJECT_VERSION = 1;
				DEVELOPMENT_TEAM = H6K2WB7K5F;
				GENERATE_INFOPLIST_FILE = YES;
				MARKETING_VERSION = 1.0;
				PRODUCT_BUNDLE_IDENTIFIER = Rachit.TripPlannerUITests;
				PRODUCT_NAME = "$(TARGET_NAME)";
				SWIFT_EMIT_LOC_STRINGS = NO;
				SWIFT_VERSION = 5.0;
				TARGETED_DEVICE_FAMILY = "1,2";
				TEST_TARGET_NAME = TripPlanner;
			};
			name = Release;
		};
/* End XCBuildConfiguration section */

/* Begin XCConfigurationList section */
		3CD49EDA2BC492F80038C823 /* Build configuration list for PBXProject "TripPlanner" */ = {
			isa = XCConfigurationList;
			buildConfigurations = (
				3CD49F072BC492FA0038C823 /* Debug */,
				3CD49F082BC492FA0038C823 /* Release */,
			);
			defaultConfigurationIsVisible = 0;
			defaultConfigurationName = Release;
		};
		3CD49F092BC492FA0038C823 /* Build configuration list for PBXNativeTarget "TripPlanner" */ = {
			isa = XCConfigurationList;
			buildConfigurations = (
				3CD49F0A2BC492FA0038C823 /* Debug */,
				3CD49F0B2BC492FA0038C823 /* Release */,
			);
			defaultConfigurationIsVisible = 0;
			defaultConfigurationName = Release;
		};
		3CD49F0C2BC492FA0038C823 /* Build configuration list for PBXNativeTarget "TripPlannerTests" */ = {
			isa = XCConfigurationList;
			buildConfigurations = (
				3CD49F0D2BC492FA0038C823 /* Debug */,
				3CD49F0E2BC492FA0038C823 /* Release */,
			);
			defaultConfigurationIsVisible = 0;
			defaultConfigurationName = Release;
		};
		3CD49F0F2BC492FA0038C823 /* Build configuration list for PBXNativeTarget "TripPlannerUITests" */ = {
			isa = XCConfigurationList;
			buildConfigurations = (
				3CD49F102BC492FA0038C823 /* Debug */,
				3CD49F112BC492FA0038C823 /* Release */,
			);
			defaultConfigurationIsVisible = 0;
			defaultConfigurationName = Release;
		};
/* End XCConfigurationList section */
	};
	rootObject = 3CD49ED72BC492F80038C823 /* Project object */;
}
